// !$*UTF8*$!
{
	archiveVersion = 1;
	classes = {
	};
	objectVersion = 55;
	objects = {

/* Begin PBXBuildFile section */
		FB7C8DF429C276D50094D093 /* Question.swift in Sources */ = {isa = PBXBuildFile; fileRef = FB7C8DF329C276D50094D093 /* Question.swift */; };
		FBF4AA9629C1657100209F57 /* AppDelegate.swift in Sources */ = {isa = PBXBuildFile; fileRef = FBF4AA9529C1657100209F57 /* AppDelegate.swift */; };
		FBF4AA9829C1657100209F57 /* SceneDelegate.swift in Sources */ = {isa = PBXBuildFile; fileRef = FBF4AA9729C1657100209F57 /* SceneDelegate.swift */; };
		FBF4AA9A29C1657100209F57 /* ViewController.swift in Sources */ = {isa = PBXBuildFile; fileRef = FBF4AA9929C1657100209F57 /* ViewController.swift */; };
		FBF4AA9D29C1657100209F57 /* Main.storyboard in Resources */ = {isa = PBXBuildFile; fileRef = FBF4AA9B29C1657100209F57 /* Main.storyboard */; };
		FBF4AA9F29C1657200209F57 /* Assets.xcassets in Resources */ = {isa = PBXBuildFile; fileRef = FBF4AA9E29C1657200209F57 /* Assets.xcassets */; };
		FBF4AAA229C1657200209F57 /* LaunchScreen.storyboard in Resources */ = {isa = PBXBuildFile; fileRef = FBF4AAA029C1657200209F57 /* LaunchScreen.storyboard */; };
		FBF4AAAD29C1657300209F57 /* AppPersonalityTests.swift in Sources */ = {isa = PBXBuildFile; fileRef = FBF4AAAC29C1657300209F57 /* AppPersonalityTests.swift */; };
		FBF4AAB729C1657300209F57 /* AppPersonalityUITests.swift in Sources */ = {isa = PBXBuildFile; fileRef = FBF4AAB629C1657300209F57 /* AppPersonalityUITests.swift */; };
		FBF4AAB929C1657300209F57 /* AppPersonalityUITestsLaunchTests.swift in Sources */ = {isa = PBXBuildFile; fileRef = FBF4AAB829C1657300209F57 /* AppPersonalityUITestsLaunchTests.swift */; };
		FBF4AAC629C16EDB00209F57 /* QuestionViewController.swift in Sources */ = {isa = PBXBuildFile; fileRef = FBF4AAC529C16EDB00209F57 /* QuestionViewController.swift */; };
		FBF4AAC829C16F1300209F57 /* ResultsViewController.swift in Sources */ = {isa = PBXBuildFile; fileRef = FBF4AAC729C16F1300209F57 /* ResultsViewController.swift */; };
/* End PBXBuildFile section */

/* Begin PBXContainerItemProxy section */
		FBF4AAA929C1657300209F57 /* PBXContainerItemProxy */ = {
			isa = PBXContainerItemProxy;
			containerPortal = FBF4AA8A29C1657100209F57 /* Project object */;
			proxyType = 1;
			remoteGlobalIDString = FBF4AA9129C1657100209F57;
			remoteInfo = AppPersonality;
		};
		FBF4AAB329C1657300209F57 /* PBXContainerItemProxy */ = {
			isa = PBXContainerItemProxy;
			containerPortal = FBF4AA8A29C1657100209F57 /* Project object */;
			proxyType = 1;
			remoteGlobalIDString = FBF4AA9129C1657100209F57;
			remoteInfo = AppPersonality;
		};
/* End PBXContainerItemProxy section */

/* Begin PBXFileReference section */
		FB7C8DF329C276D50094D093 /* Question.swift */ = {isa = PBXFileReference; lastKnownFileType = sourcecode.swift; path = Question.swift; sourceTree = "<group>"; };
		FBF4AA9229C1657100209F57 /* AppPersonality.app */ = {isa = PBXFileReference; explicitFileType = wrapper.application; includeInIndex = 0; path = AppPersonality.app; sourceTree = BUILT_PRODUCTS_DIR; };
		FBF4AA9529C1657100209F57 /* AppDelegate.swift */ = {isa = PBXFileReference; lastKnownFileType = sourcecode.swift; path = AppDelegate.swift; sourceTree = "<group>"; };
		FBF4AA9729C1657100209F57 /* SceneDelegate.swift */ = {isa = PBXFileReference; lastKnownFileType = sourcecode.swift; path = SceneDelegate.swift; sourceTree = "<group>"; };
		FBF4AA9929C1657100209F57 /* ViewController.swift */ = {isa = PBXFileReference; lastKnownFileType = sourcecode.swift; path = ViewController.swift; sourceTree = "<group>"; };
		FBF4AA9C29C1657100209F57 /* Base */ = {isa = PBXFileReference; lastKnownFileType = file.storyboard; name = Base; path = Base.lproj/Main.storyboard; sourceTree = "<group>"; };
		FBF4AA9E29C1657200209F57 /* Assets.xcassets */ = {isa = PBXFileReference; lastKnownFileType = folder.assetcatalog; path = Assets.xcassets; sourceTree = "<group>"; };
		FBF4AAA129C1657200209F57 /* Base */ = {isa = PBXFileReference; lastKnownFileType = file.storyboard; name = Base; path = Base.lproj/LaunchScreen.storyboard; sourceTree = "<group>"; };
		FBF4AAA329C1657200209F57 /* Info.plist */ = {isa = PBXFileReference; lastKnownFileType = text.plist.xml; path = Info.plist; sourceTree = "<group>"; };
		FBF4AAA829C1657300209F57 /* AppPersonalityTests.xctest */ = {isa = PBXFileReference; explicitFileType = wrapper.cfbundle; includeInIndex = 0; path = AppPersonalityTests.xctest; sourceTree = BUILT_PRODUCTS_DIR; };
		FBF4AAAC29C1657300209F57 /* AppPersonalityTests.swift */ = {isa = PBXFileReference; lastKnownFileType = sourcecode.swift; path = AppPersonalityTests.swift; sourceTree = "<group>"; };
		FBF4AAB229C1657300209F57 /* AppPersonalityUITests.xctest */ = {isa = PBXFileReference; explicitFileType = wrapper.cfbundle; includeInIndex = 0; path = AppPersonalityUITests.xctest; sourceTree = BUILT_PRODUCTS_DIR; };
		FBF4AAB629C1657300209F57 /* AppPersonalityUITests.swift */ = {isa = PBXFileReference; lastKnownFileType = sourcecode.swift; path = AppPersonalityUITests.swift; sourceTree = "<group>"; };
		FBF4AAB829C1657300209F57 /* AppPersonalityUITestsLaunchTests.swift */ = {isa = PBXFileReference; lastKnownFileType = sourcecode.swift; path = AppPersonalityUITestsLaunchTests.swift; sourceTree = "<group>"; };
		FBF4AAC529C16EDB00209F57 /* QuestionViewController.swift */ = {isa = PBXFileReference; lastKnownFileType = sourcecode.swift; path = QuestionViewController.swift; sourceTree = "<group>"; };
		FBF4AAC729C16F1300209F57 /* ResultsViewController.swift */ = {isa = PBXFileReference; lastKnownFileType = sourcecode.swift; path = ResultsViewController.swift; sourceTree = "<group>"; };
/* End PBXFileReference section */

/* Begin PBXFrameworksBuildPhase section */
		FBF4AA8F29C1657100209F57 /* Frameworks */ = {
			isa = PBXFrameworksBuildPhase;
			buildActionMask = 2147483647;
			files = (
			);
			runOnlyForDeploymentPostprocessing = 0;
		};
		FBF4AAA529C1657300209F57 /* Frameworks */ = {
			isa = PBXFrameworksBuildPhase;
			buildActionMask = 2147483647;
			files = (
			);
			runOnlyForDeploymentPostprocessing = 0;
		};
		FBF4AAAF29C1657300209F57 /* Frameworks */ = {
			isa = PBXFrameworksBuildPhase;
			buildActionMask = 2147483647;
			files = (
			);
			runOnlyForDeploymentPostprocessing = 0;
		};
/* End PBXFrameworksBuildPhase section */

/* Begin PBXGroup section */
		FBF4AA8929C1657100209F57 = {
			isa = PBXGroup;
			children = (
				FBF4AA9429C1657100209F57 /* AppPersonality */,
				FBF4AAAB29C1657300209F57 /* AppPersonalityTests */,
				FBF4AAB529C1657300209F57 /* AppPersonalityUITests */,
				FBF4AA9329C1657100209F57 /* Products */,
			);
			sourceTree = "<group>";
		};
		FBF4AA9329C1657100209F57 /* Products */ = {
			isa = PBXGroup;
			children = (
				FBF4AA9229C1657100209F57 /* AppPersonality.app */,
				FBF4AAA829C1657300209F57 /* AppPersonalityTests.xctest */,
				FBF4AAB229C1657300209F57 /* AppPersonalityUITests.xctest */,
			);
			name = Products;
			sourceTree = "<group>";
		};
		FBF4AA9429C1657100209F57 /* AppPersonality */ = {
			isa = PBXGroup;
			children = (
				FBF4AA9529C1657100209F57 /* AppDelegate.swift */,
				FBF4AA9729C1657100209F57 /* SceneDelegate.swift */,
				FBF4AA9929C1657100209F57 /* ViewController.swift */,
				FBF4AAC529C16EDB00209F57 /* QuestionViewController.swift */,
				FBF4AAC729C16F1300209F57 /* ResultsViewController.swift */,
				FBF4AA9B29C1657100209F57 /* Main.storyboard */,
				FB7C8DF329C276D50094D093 /* Question.swift */,
				FBF4AA9E29C1657200209F57 /* Assets.xcassets */,
				FBF4AAA029C1657200209F57 /* LaunchScreen.storyboard */,
				FBF4AAA329C1657200209F57 /* Info.plist */,
			);
			path = AppPersonality;
			sourceTree = "<group>";
		};
		FBF4AAAB29C1657300209F57 /* AppPersonalityTests */ = {
			isa = PBXGroup;
			children = (
				FBF4AAAC29C1657300209F57 /* AppPersonalityTests.swift */,
			);
			path = AppPersonalityTests;
			sourceTree = "<group>";
		};
		FBF4AAB529C1657300209F57 /* AppPersonalityUITests */ = {
			isa = PBXGroup;
			children = (
				FBF4AAB629C1657300209F57 /* AppPersonalityUITests.swift */,
				FBF4AAB829C1657300209F57 /* AppPersonalityUITestsLaunchTests.swift */,
			);
			path = AppPersonalityUITests;
			sourceTree = "<group>";
		};
/* End PBXGroup section */

/* Begin PBXNativeTarget section */
		FBF4AA9129C1657100209F57 /* AppPersonality */ = {
			isa = PBXNativeTarget;
			buildConfigurationList = FBF4AABC29C1657300209F57 /* Build configuration list for PBXNativeTarget "AppPersonality" */;
			buildPhases = (
				FBF4AA8E29C1657100209F57 /* Sources */,
				FBF4AA8F29C1657100209F57 /* Frameworks */,
				FBF4AA9029C1657100209F57 /* Resources */,
			);
			buildRules = (
			);
			dependencies = (
			);
			name = AppPersonality;
			productName = AppPersonality;
			productReference = FBF4AA9229C1657100209F57 /* AppPersonality.app */;
			productType = "com.apple.product-type.application";
		};
		FBF4AAA729C1657300209F57 /* AppPersonalityTests */ = {
			isa = PBXNativeTarget;
			buildConfigurationList = FBF4AABF29C1657300209F57 /* Build configuration list for PBXNativeTarget "AppPersonalityTests" */;
			buildPhases = (
				FBF4AAA429C1657300209F57 /* Sources */,
				FBF4AAA529C1657300209F57 /* Frameworks */,
				FBF4AAA629C1657300209F57 /* Resources */,
			);
			buildRules = (
			);
			dependencies = (
				FBF4AAAA29C1657300209F57 /* PBXTargetDependency */,
			);
			name = AppPersonalityTests;
			productName = AppPersonalityTests;
			productReference = FBF4AAA829C1657300209F57 /* AppPersonalityTests.xctest */;
			productType = "com.apple.product-type.bundle.unit-test";
		};
		FBF4AAB129C1657300209F57 /* AppPersonalityUITests */ = {
			isa = PBXNativeTarget;
			buildConfigurationList = FBF4AAC229C1657300209F57 /* Build configuration list for PBXNativeTarget "AppPersonalityUITests" */;
			buildPhases = (
				FBF4AAAE29C1657300209F57 /* Sources */,
				FBF4AAAF29C1657300209F57 /* Frameworks */,
				FBF4AAB029C1657300209F57 /* Resources */,
			);
			buildRules = (
			);
			dependencies = (
				FBF4AAB429C1657300209F57 /* PBXTargetDependency */,
			);
			name = AppPersonalityUITests;
			productName = AppPersonalityUITests;
			productReference = FBF4AAB229C1657300209F57 /* AppPersonalityUITests.xctest */;
			productType = "com.apple.product-type.bundle.ui-testing";
		};
/* End PBXNativeTarget section */

/* Begin PBXProject section */
		FBF4AA8A29C1657100209F57 /* Project object */ = {
			isa = PBXProject;
			attributes = {
				BuildIndependentTargetsInParallel = 1;
				LastSwiftUpdateCheck = 1330;
				LastUpgradeCheck = 1330;
				TargetAttributes = {
					FBF4AA9129C1657100209F57 = {
						CreatedOnToolsVersion = 13.3.1;
					};
					FBF4AAA729C1657300209F57 = {
						CreatedOnToolsVersion = 13.3.1;
						TestTargetID = FBF4AA9129C1657100209F57;
					};
					FBF4AAB129C1657300209F57 = {
						CreatedOnToolsVersion = 13.3.1;
						TestTargetID = FBF4AA9129C1657100209F57;
					};
				};
			};
			buildConfigurationList = FBF4AA8D29C1657100209F57 /* Build configuration list for PBXProject "AppPersonality" */;
			compatibilityVersion = "Xcode 13.0";
			developmentRegion = en;
			hasScannedForEncodings = 0;
			knownRegions = (
				en,
				Base,
			);
			mainGroup = FBF4AA8929C1657100209F57;
			productRefGroup = FBF4AA9329C1657100209F57 /* Products */;
			projectDirPath = "";
			projectRoot = "";
			targets = (
				FBF4AA9129C1657100209F57 /* AppPersonality */,
				FBF4AAA729C1657300209F57 /* AppPersonalityTests */,
				FBF4AAB129C1657300209F57 /* AppPersonalityUITests */,
			);
		};
/* End PBXProject section */

/* Begin PBXResourcesBuildPhase section */
		FBF4AA9029C1657100209F57 /* Resources */ = {
			isa = PBXResourcesBuildPhase;
			buildActionMask = 2147483647;
			files = (
				FBF4AAA229C1657200209F57 /* LaunchScreen.storyboard in Resources */,
				FBF4AA9F29C1657200209F57 /* Assets.xcassets in Resources */,
				FBF4AA9D29C1657100209F57 /* Main.storyboard in Resources */,
			);
			runOnlyForDeploymentPostprocessing = 0;
		};
		FBF4AAA629C1657300209F57 /* Resources */ = {
			isa = PBXResourcesBuildPhase;
			buildActionMask = 2147483647;
			files = (
			);
			runOnlyForDeploymentPostprocessing = 0;
		};
		FBF4AAB029C1657300209F57 /* Resources */ = {
			isa = PBXResourcesBuildPhase;
			buildActionMask = 2147483647;
			files = (
			);
			runOnlyForDeploymentPostprocessing = 0;
		};
/* End PBXResourcesBuildPhase section */

/* Begin PBXSourcesBuildPhase section */
		FBF4AA8E29C1657100209F57 /* Sources */ = {
			isa = PBXSourcesBuildPhase;
			buildActionMask = 2147483647;
			files = (
				FBF4AA9A29C1657100209F57 /* ViewController.swift in Sources */,
				FBF4AA9629C1657100209F57 /* AppDelegate.swift in Sources */,
				FBF4AAC629C16EDB00209F57 /* QuestionViewController.swift in Sources */,
				FB7C8DF429C276D50094D093 /* Question.swift in Sources */,
				FBF4AAC829C16F1300209F57 /* ResultsViewController.swift in Sources */,
				FBF4AA9829C1657100209F57 /* SceneDelegate.swift in Sources */,
			);
			runOnlyForDeploymentPostprocessing = 0;
		};
		FBF4AAA429C1657300209F57 /* Sources */ = {
			isa = PBXSourcesBuildPhase;
			buildActionMask = 2147483647;
			files = (
				FBF4AAAD29C1657300209F57 /* AppPersonalityTests.swift in Sources */,
			);
			runOnlyForDeploymentPostprocessing = 0;
		};
		FBF4AAAE29C1657300209F57 /* Sources */ = {
			isa = PBXSourcesBuildPhase;
			buildActionMask = 2147483647;
			files = (
				FBF4AAB729C1657300209F57 /* AppPersonalityUITests.swift in Sources */,
				FBF4AAB929C1657300209F57 /* AppPersonalityUITestsLaunchTests.swift in Sources */,
			);
			runOnlyForDeploymentPostprocessing = 0;
		};
/* End PBXSourcesBuildPhase section */

/* Begin PBXTargetDependency section */
		FBF4AAAA29C1657300209F57 /* PBXTargetDependency */ = {
			isa = PBXTargetDependency;
			target = FBF4AA9129C1657100209F57 /* AppPersonality */;
			targetProxy = FBF4AAA929C1657300209F57 /* PBXContainerItemProxy */;
		};
		FBF4AAB429C1657300209F57 /* PBXTargetDependency */ = {
			isa = PBXTargetDependency;
			target = FBF4AA9129C1657100209F57 /* AppPersonality */;
			targetProxy = FBF4AAB329C1657300209F57 /* PBXContainerItemProxy */;
		};
/* End PBXTargetDependency section */

/* Begin PBXVariantGroup section */
		FBF4AA9B29C1657100209F57 /* Main.storyboard */ = {
			isa = PBXVariantGroup;
			children = (
				FBF4AA9C29C1657100209F57 /* Base */,
			);
			name = Main.storyboard;
			sourceTree = "<group>";
		};
		FBF4AAA029C1657200209F57 /* LaunchScreen.storyboard */ = {
			isa = PBXVariantGroup;
			children = (
				FBF4AAA129C1657200209F57 /* Base */,
			);
			name = LaunchScreen.storyboard;
			sourceTree = "<group>";
		};
/* End PBXVariantGroup section */

/* Begin XCBuildConfiguration section */
		FBF4AABA29C1657300209F57 /* Debug */ = {
			isa = XCBuildConfiguration;
			buildSettings = {
				ALWAYS_SEARCH_USER_PATHS = NO;
				CLANG_ANALYZER_NONNULL = YES;
				CLANG_ANALYZER_NUMBER_OBJECT_CONVERSION = YES_AGGRESSIVE;
				CLANG_CXX_LANGUAGE_STANDARD = "gnu++17";
				CLANG_ENABLE_MODULES = YES;
				CLANG_ENABLE_OBJC_ARC = YES;
				CLANG_ENABLE_OBJC_WEAK = YES;
				CLANG_WARN_BLOCK_CAPTURE_AUTORELEASING = YES;
				CLANG_WARN_BOOL_CONVERSION = YES;
				CLANG_WARN_COMMA = YES;
				CLANG_WARN_CONSTANT_CONVERSION = YES;
				CLANG_WARN_DEPRECATED_OBJC_IMPLEMENTATIONS = YES;
				CLANG_WARN_DIRECT_OBJC_ISA_USAGE = YES_ERROR;
				CLANG_WARN_DOCUMENTATION_COMMENTS = YES;
				CLANG_WARN_EMPTY_BODY = YES;
				CLANG_WARN_ENUM_CONVERSION = YES;
				CLANG_WARN_INFINITE_RECURSION = YES;
				CLANG_WARN_INT_CONVERSION = YES;
				CLANG_WARN_NON_LITERAL_NULL_CONVERSION = YES;
				CLANG_WARN_OBJC_IMPLICIT_RETAIN_SELF = YES;
				CLANG_WARN_OBJC_LITERAL_CONVERSION = YES;
				CLANG_WARN_OBJC_ROOT_CLASS = YES_ERROR;
				CLANG_WARN_QUOTED_INCLUDE_IN_FRAMEWORK_HEADER = YES;
				CLANG_WARN_RANGE_LOOP_ANALYSIS = YES;
				CLANG_WARN_STRICT_PROTOTYPES = YES;
				CLANG_WARN_SUSPICIOUS_MOVE = YES;
				CLANG_WARN_UNGUARDED_AVAILABILITY = YES_AGGRESSIVE;
				CLANG_WARN_UNREACHABLE_CODE = YES;
				CLANG_WARN__DUPLICATE_METHOD_MATCH = YES;
				COPY_PHASE_STRIP = NO;
				DEBUG_INFORMATION_FORMAT = dwarf;
				ENABLE_STRICT_OBJC_MSGSEND = YES;
				ENABLE_TESTABILITY = YES;
				GCC_C_LANGUAGE_STANDARD = gnu11;
				GCC_DYNAMIC_NO_PIC = NO;
				GCC_NO_COMMON_BLOCKS = YES;
				GCC_OPTIMIZATION_LEVEL = 0;
				GCC_PREPROCESSOR_DEFINITIONS = (
					"DEBUG=1",
					"$(inherited)",
				);
				GCC_WARN_64_TO_32_BIT_CONVERSION = YES;
				GCC_WARN_ABOUT_RETURN_TYPE = YES_ERROR;
				GCC_WARN_UNDECLARED_SELECTOR = YES;
				GCC_WARN_UNINITIALIZED_AUTOS = YES_AGGRESSIVE;
				GCC_WARN_UNUSED_FUNCTION = YES;
				GCC_WARN_UNUSED_VARIABLE = YES;
				IPHONEOS_DEPLOYMENT_TARGET = 15.4;
				MTL_ENABLE_DEBUG_INFO = INCLUDE_SOURCE;
				MTL_FAST_MATH = YES;
				ONLY_ACTIVE_ARCH = YES;
				SDKROOT = iphoneos;
				SWIFT_ACTIVE_COMPILATION_CONDITIONS = DEBUG;
				SWIFT_OPTIMIZATION_LEVEL = "-Onone";
			};
			name = Debug;
		};
		FBF4AABB29C1657300209F57 /* Release */ = {
			isa = XCBuildConfiguration;
			buildSettings = {
				ALWAYS_SEARCH_USER_PATHS = NO;
				CLANG_ANALYZER_NONNULL = YES;
				CLANG_ANALYZER_NUMBER_OBJECT_CONVERSION = YES_AGGRESSIVE;
				CLANG_CXX_LANGUAGE_STANDARD = "gnu++17";
				CLANG_ENABLE_MODULES = YES;
				CLANG_ENABLE_OBJC_ARC = YES;
				CLANG_ENABLE_OBJC_WEAK = YES;
				CLANG_WARN_BLOCK_CAPTURE_AUTORELEASING = YES;
				CLANG_WARN_BOOL_CONVERSION = YES;
				CLANG_WARN_COMMA = YES;
				CLANG_WARN_CONSTANT_CONVERSION = YES;
				CLANG_WARN_DEPRECATED_OBJC_IMPLEMENTATIONS = YES;
				CLANG_WARN_DIRECT_OBJC_ISA_USAGE = YES_ERROR;
				CLANG_WARN_DOCUMENTATION_COMMENTS = YES;
				CLANG_WARN_EMPTY_BODY = YES;
				CLANG_WARN_ENUM_CONVERSION = YES;
				CLANG_WARN_INFINITE_RECURSION = YES;
				CLANG_WARN_INT_CONVERSION = YES;
				CLANG_WARN_NON_LITERAL_NULL_CONVERSION = YES;
				CLANG_WARN_OBJC_IMPLICIT_RETAIN_SELF = YES;
				CLANG_WARN_OBJC_LITERAL_CONVERSION = YES;
				CLANG_WARN_OBJC_ROOT_CLASS = YES_ERROR;
				CLANG_WARN_QUOTED_INCLUDE_IN_FRAMEWORK_HEADER = YES;
				CLANG_WARN_RANGE_LOOP_ANALYSIS = YES;
				CLANG_WARN_STRICT_PROTOTYPES = YES;
				CLANG_WARN_SUSPICIOUS_MOVE = YES;
				CLANG_WARN_UNGUARDED_AVAILABILITY = YES_AGGRESSIVE;
				CLANG_WARN_UNREACHABLE_CODE = YES;
				CLANG_WARN__DUPLICATE_METHOD_MATCH = YES;
				COPY_PHASE_STRIP = NO;
				DEBUG_INFORMATION_FORMAT = "dwarf-with-dsym";
				ENABLE_NS_ASSERTIONS = NO;
				ENABLE_STRICT_OBJC_MSGSEND = YES;
				GCC_C_LANGUAGE_STANDARD = gnu11;
				GCC_NO_COMMON_BLOCKS = YES;
				GCC_WARN_64_TO_32_BIT_CONVERSION = YES;
				GCC_WARN_ABOUT_RETURN_TYPE = YES_ERROR;
				GCC_WARN_UNDECLARED_SELECTOR = YES;
				GCC_WARN_UNINITIALIZED_AUTOS = YES_AGGRESSIVE;
				GCC_WARN_UNUSED_FUNCTION = YES;
				GCC_WARN_UNUSED_VARIABLE = YES;
				IPHONEOS_DEPLOYMENT_TARGET = 15.4;
				MTL_ENABLE_DEBUG_INFO = NO;
				MTL_FAST_MATH = YES;
				SDKROOT = iphoneos;
				SWIFT_COMPILATION_MODE = wholemodule;
				SWIFT_OPTIMIZATION_LEVEL = "-O";
				VALIDATE_PRODUCT = YES;
			};
			name = Release;
		};
		FBF4AABD29C1657300209F57 /* Debug */ = {
			isa = XCBuildConfiguration;
			buildSettings = {
				ASSETCATALOG_COMPILER_APPICON_NAME = AppIcon;
				ASSETCATALOG_COMPILER_GLOBAL_ACCENT_COLOR_NAME = AccentColor;
				CODE_SIGN_STYLE = Automatic;
				CURRENT_PROJECT_VERSION = 1;
				GENERATE_INFOPLIST_FILE = YES;
				INFOPLIST_FILE = AppPersonality/Info.plist;
				INFOPLIST_KEY_UIApplicationSupportsIndirectInputEvents = YES;
				INFOPLIST_KEY_UILaunchStoryboardName = LaunchScreen;
				INFOPLIST_KEY_UIMainStoryboardFile = Main;
				INFOPLIST_KEY_UISupportedInterfaceOrientations_iPad = "UIInterfaceOrientationPortrait UIInterfaceOrientationPortraitUpsideDown UIInterfaceOrientationLandscapeLeft UIInterfaceOrientationLandscapeRight";
				INFOPLIST_KEY_UISupportedInterfaceOrientations_iPhone = "UIInterfaceOrientationPortrait UIInterfaceOrientationLandscapeLeft UIInterfaceOrientationLandscapeRight";
				LD_RUNPATH_SEARCH_PATHS = (
					"$(inherited)",
					"@executable_path/Frameworks",
				);
				MARKETING_VERSION = 1.0;
				PRODUCT_BUNDLE_IDENTIFIER = tecmilenio.AppPersonality;
				PRODUCT_NAME = "$(TARGET_NAME)";
				SWIFT_EMIT_LOC_STRINGS = YES;
				SWIFT_VERSION = 5.0;
				TARGETED_DEVICE_FAMILY = "1,2";
			};
			name = Debug;
		};
		FBF4AABE29C1657300209F57 /* Release */ = {
			isa = XCBuildConfiguration;
			buildSettings = {
				ASSETCATALOG_COMPILER_APPICON_NAME = AppIcon;
				ASSETCATALOG_COMPILER_GLOBAL_ACCENT_COLOR_NAME = AccentColor;
				CODE_SIGN_STYLE = Automatic;
				CURRENT_PROJECT_VERSION = 1;
				GENERATE_INFOPLIST_FILE = YES;
				INFOPLIST_FILE = AppPersonality/Info.plist;
				INFOPLIST_KEY_UIApplicationSupportsIndirectInputEvents = YES;
				INFOPLIST_KEY_UILaunchStoryboardName = LaunchScreen;
				INFOPLIST_KEY_UIMainStoryboardFile = Main;
				INFOPLIST_KEY_UISupportedInterfaceOrientations_iPad = "UIInterfaceOrientationPortrait UIInterfaceOrientationPortraitUpsideDown UIInterfaceOrientationLandscapeLeft UIInterfaceOrientationLandscapeRight";
				INFOPLIST_KEY_UISupportedInterfaceOrientations_iPhone = "UIInterfaceOrientationPortrait UIInterfaceOrientationLandscapeLeft UIInterfaceOrientationLandscapeRight";
				LD_RUNPATH_SEARCH_PATHS = (
					"$(inherited)",
					"@executable_path/Frameworks",
				);
				MARKETING_VERSION = 1.0;
				PRODUCT_BUNDLE_IDENTIFIER = tecmilenio.AppPersonality;
				PRODUCT_NAME = "$(TARGET_NAME)";
				SWIFT_EMIT_LOC_STRINGS = YES;
				SWIFT_VERSION = 5.0;
				TARGETED_DEVICE_FAMILY = "1,2";
			};
			name = Release;
		};
		FBF4AAC029C1657300209F57 /* Debug */ = {
			isa = XCBuildConfiguration;
			buildSettings = {
				ALWAYS_EMBED_SWIFT_STANDARD_LIBRARIES = YES;
				BUNDLE_LOADER = "$(TEST_HOST)";
				CODE_SIGN_STYLE = Automatic;
				CURRENT_PROJECT_VERSION = 1;
				GENERATE_INFOPLIST_FILE = YES;
				IPHONEOS_DEPLOYMENT_TARGET = 15.4;
				MARKETING_VERSION = 1.0;
				PRODUCT_BUNDLE_IDENTIFIER = tecmilenio.AppPersonalityTests;
				PRODUCT_NAME = "$(TARGET_NAME)";
				SWIFT_EMIT_LOC_STRINGS = NO;
				SWIFT_VERSION = 5.0;
				TARGETED_DEVICE_FAMILY = "1,2";
				TEST_HOST = "$(BUILT_PRODUCTS_DIR)/AppPersonality.app/AppPersonality";
			};
			name = Debug;
		};
		FBF4AAC129C1657300209F57 /* Release */ = {
			isa = XCBuildConfiguration;
			buildSettings = {
				ALWAYS_EMBED_SWIFT_STANDARD_LIBRARIES = YES;
				BUNDLE_LOADER = "$(TEST_HOST)";
				CODE_SIGN_STYLE = Automatic;
				CURRENT_PROJECT_VERSION = 1;
				GENERATE_INFOPLIST_FILE = YES;
				IPHONEOS_DEPLOYMENT_TARGET = 15.4;
				MARKETING_VERSION = 1.0;
				PRODUCT_BUNDLE_IDENTIFIER = tecmilenio.AppPersonalityTests;
				PRODUCT_NAME = "$(TARGET_NAME)";
				SWIFT_EMIT_LOC_STRINGS = NO;
				SWIFT_VERSION = 5.0;
				TARGETED_DEVICE_FAMILY = "1,2";
				TEST_HOST = "$(BUILT_PRODUCTS_DIR)/AppPersonality.app/AppPersonality";
			};
			name = Release;
		};
		FBF4AAC329C1657300209F57 /* Debug */ = {
			isa = XCBuildConfiguration;
			buildSettings = {
				ALWAYS_EMBED_SWIFT_STANDARD_LIBRARIES = YES;
				CODE_SIGN_STYLE = Automatic;
				CURRENT_PROJECT_VERSION = 1;
				GENERATE_INFOPLIST_FILE = YES;
				MARKETING_VERSION = 1.0;
				PRODUCT_BUNDLE_IDENTIFIER = tecmilenio.AppPersonalityUITests;
				PRODUCT_NAME = "$(TARGET_NAME)";
				SWIFT_EMIT_LOC_STRINGS = NO;
				SWIFT_VERSION = 5.0;
				TARGETED_DEVICE_FAMILY = "1,2";
				TEST_TARGET_NAME = AppPersonality;
			};
			name = Debug;
		};
		FBF4AAC429C1657300209F57 /* Release */ = {
			isa = XCBuildConfiguration;
			buildSettings = {
				ALWAYS_EMBED_SWIFT_STANDARD_LIBRARIES = YES;
				CODE_SIGN_STYLE = Automatic;
				CURRENT_PROJECT_VERSION = 1;
				GENERATE_INFOPLIST_FILE = YES;
				MARKETING_VERSION = 1.0;
				PRODUCT_BUNDLE_IDENTIFIER = tecmilenio.AppPersonalityUITests;
				PRODUCT_NAME = "$(TARGET_NAME)";
				SWIFT_EMIT_LOC_STRINGS = NO;
				SWIFT_VERSION = 5.0;
				TARGETED_DEVICE_FAMILY = "1,2";
				TEST_TARGET_NAME = AppPersonality;
			};
			name = Release;
		};
/* End XCBuildConfiguration section */

/* Begin XCConfigurationList section */
		FBF4AA8D29C1657100209F57 /* Build configuration list for PBXProject "AppPersonality" */ = {
			isa = XCConfigurationList;
			buildConfigurations = (
				FBF4AABA29C1657300209F57 /* Debug */,
				FBF4AABB29C1657300209F57 /* Release */,
			);
			defaultConfigurationIsVisible = 0;
			defaultConfigurationName = Release;
		};
		FBF4AABC29C1657300209F57 /* Build configuration list for PBXNativeTarget "AppPersonality" */ = {
			isa = XCConfigurationList;
			buildConfigurations = (
				FBF4AABD29C1657300209F57 /* Debug */,
				FBF4AABE29C1657300209F57 /* Release */,
			);
			defaultConfigurationIsVisible = 0;
			defaultConfigurationName = Release;
		};
		FBF4AABF29C1657300209F57 /* Build configuration list for PBXNativeTarget "AppPersonalityTests" */ = {
			isa = XCConfigurationList;
			buildConfigurations = (
				FBF4AAC029C1657300209F57 /* Debug */,
				FBF4AAC129C1657300209F57 /* Release */,
			);
			defaultConfigurationIsVisible = 0;
			defaultConfigurationName = Release;
		};
		FBF4AAC229C1657300209F57 /* Build configuration list for PBXNativeTarget "AppPersonalityUITests" */ = {
			isa = XCConfigurationList;
			buildConfigurations = (
				FBF4AAC329C1657300209F57 /* Debug */,
				FBF4AAC429C1657300209F57 /* Release */,
			);
			defaultConfigurationIsVisible = 0;
			defaultConfigurationName = Release;
		};
/* End XCConfigurationList section */
	};
	rootObject = FBF4AA8A29C1657100209F57 /* Project object */;
}
